
Microsoft Visual Studio Solution File, Format Version 12.00
# Visual Studio Version 16
VisualStudioVersion = 16.0.29728.190
MinimumVisualStudioVersion = 10.0.40219.1
Project("{FAE04EC0-301F-11D3-BF4B-00C04F79EFBC}") = "Tarea2", "Tarea2\Tarea2.csproj", "{7F71F670-B32D-4252-BA75-8AB07AB7C103}"
EndProject
Global
	GlobalSection(SolutionConfigurationPlatforms) = preSolution
		Debug|Any CPU = Debug|Any CPU
		Release|Any CPU = Release|Any CPU
	EndGlobalSection
	GlobalSection(ProjectConfigurationPlatforms) = postSolution
		{7F71F670-B32D-4252-BA75-8AB07AB7C103}.Debug|Any CPU.ActiveCfg = Debug|Any CPU
		{7F71F670-B32D-4252-BA75-8AB07AB7C103}.Debug|Any CPU.Build.0 = Debug|Any CPU
		{7F71F670-B32D-4252-BA75-8AB07AB7C103}.Release|Any CPU.ActiveCfg = Release|Any CPU
		{7F71F670-B32D-4252-BA75-8AB07AB7C103}.Release|Any CPU.Build.0 = Release|Any CPU
	EndGlobalSection
	GlobalSection(SolutionProperties) = preSolution
		HideSolutionNode = FALSE
	EndGlobalSection
	GlobalSection(ExtensibilityGlobals) = postSolution
		SolutionGuid = {F1F22A4D-81AE-416F-9354-6D346DBEA734}
	EndGlobalSection
EndGlobal
