
Microsoft Visual Studio Solution File, Format Version 12.00
# Visual Studio Version 16
VisualStudioVersion = 16.0.29728.190
MinimumVisualStudioVersion = 10.0.40219.1
Project("{FAE04EC0-301F-11D3-BF4B-00C04F79EFBC}") = "Clase2", "Clase2\Clase2.csproj", "{C3CA4448-0A09-4455-A083-79BC983C5425}"
EndProject
Global
	GlobalSection(SolutionConfigurationPlatforms) = preSolution
		Debug|Any CPU = Debug|Any CPU
		Release|Any CPU = Release|Any CPU
	EndGlobalSection
	GlobalSection(ProjectConfigurationPlatforms) = postSolution
		{C3CA4448-0A09-4455-A083-79BC983C5425}.Debug|Any CPU.ActiveCfg = Debug|Any CPU
		{C3CA4448-0A09-4455-A083-79BC983C5425}.Debug|Any CPU.Build.0 = Debug|Any CPU
		{C3CA4448-0A09-4455-A083-79BC983C5425}.Release|Any CPU.ActiveCfg = Release|Any CPU
		{C3CA4448-0A09-4455-A083-79BC983C5425}.Release|Any CPU.Build.0 = Release|Any CPU
	EndGlobalSection
	GlobalSection(SolutionProperties) = preSolution
		HideSolutionNode = FALSE
	EndGlobalSection
	GlobalSection(ExtensibilityGlobals) = postSolution
		SolutionGuid = {ED33E515-85F7-4F95-BF6A-F49E6F4E6F9F}
	EndGlobalSection
EndGlobal
