
Microsoft Visual Studio Solution File, Format Version 12.00
# Visual Studio Version 16
VisualStudioVersion = 16.0.29728.190
MinimumVisualStudioVersion = 10.0.40219.1
Project("{FAE04EC0-301F-11D3-BF4B-00C04F79EFBC}") = "Ejercicio9", "Ejercicio9\Ejercicio9.csproj", "{4CF745AD-FA1A-47F3-B800-C5A34C9BF485}"
EndProject
Global
	GlobalSection(SolutionConfigurationPlatforms) = preSolution
		Debug|Any CPU = Debug|Any CPU
		Release|Any CPU = Release|Any CPU
	EndGlobalSection
	GlobalSection(ProjectConfigurationPlatforms) = postSolution
		{4CF745AD-FA1A-47F3-B800-C5A34C9BF485}.Debug|Any CPU.ActiveCfg = Debug|Any CPU
		{4CF745AD-FA1A-47F3-B800-C5A34C9BF485}.Debug|Any CPU.Build.0 = Debug|Any CPU
		{4CF745AD-FA1A-47F3-B800-C5A34C9BF485}.Release|Any CPU.ActiveCfg = Release|Any CPU
		{4CF745AD-FA1A-47F3-B800-C5A34C9BF485}.Release|Any CPU.Build.0 = Release|Any CPU
	EndGlobalSection
	GlobalSection(SolutionProperties) = preSolution
		HideSolutionNode = FALSE
	EndGlobalSection
	GlobalSection(ExtensibilityGlobals) = postSolution
		SolutionGuid = {3A2E7BCB-AEF6-41EE-8E8C-9B4472C55193}
	EndGlobalSection
EndGlobal
