
Microsoft Visual Studio Solution File, Format Version 12.00
# Visual Studio Version 16
VisualStudioVersion = 16.0.29728.190
MinimumVisualStudioVersion = 10.0.40219.1
Project("{FAE04EC0-301F-11D3-BF4B-00C04F79EFBC}") = "Ejercicio10", "Ejercicio10\Ejercicio10.csproj", "{A15AFA5D-082A-47F5-A756-EA6CE20FAF98}"
EndProject
Global
	GlobalSection(SolutionConfigurationPlatforms) = preSolution
		Debug|Any CPU = Debug|Any CPU
		Release|Any CPU = Release|Any CPU
	EndGlobalSection
	GlobalSection(ProjectConfigurationPlatforms) = postSolution
		{A15AFA5D-082A-47F5-A756-EA6CE20FAF98}.Debug|Any CPU.ActiveCfg = Debug|Any CPU
		{A15AFA5D-082A-47F5-A756-EA6CE20FAF98}.Debug|Any CPU.Build.0 = Debug|Any CPU
		{A15AFA5D-082A-47F5-A756-EA6CE20FAF98}.Release|Any CPU.ActiveCfg = Release|Any CPU
		{A15AFA5D-082A-47F5-A756-EA6CE20FAF98}.Release|Any CPU.Build.0 = Release|Any CPU
	EndGlobalSection
	GlobalSection(SolutionProperties) = preSolution
		HideSolutionNode = FALSE
	EndGlobalSection
	GlobalSection(ExtensibilityGlobals) = postSolution
		SolutionGuid = {BF44ED3A-58CC-47E4-88AB-D3335DAD5994}
	EndGlobalSection
EndGlobal
